Microsoft Visual Studio Solution File, Format Version 12.00
# Visual Studio Version 16
VisualStudioVersion = 16.0.0.0
MinimumVisualStudioVersion = 16.0.0.0
Project("{9A19103F-16F7-4668-BE54-9A1E7A4F7556}") = "CoinCompanion.Web.Server", "Server\CoinCompanion.Web.Server.csproj", "{EC07BC06-08D8-4649-9857-2C3E58341C3F}"
EndProject
Project("{9A19103F-16F7-4668-BE54-9A1E7A4F7556}") = "CoinCompanion.Web.Client", "Client\CoinCompanion.Web.Client.csproj", "{78C634CB-7D52-4632-A2E3-496BE4A95FC8}"
EndProject
Project("{9A19103F-16F7-4668-BE54-9A1E7A4F7556}") = "CoinCompanion.Web.Shared", "Shared\CoinCompanion.Web.Shared.csproj", "{DBB9DBEC-3118-4EA0-A53C-8642843B45C8}"
EndProject
Global
	GlobalSection(SolutionConfigurationPlatforms) = preSolution
		Debug|Any CPU = Debug|Any CPU
		Debug|x64 = Debug|x64
		Debug|x86 = Debug|x86
		Release|Any CPU = Release|Any CPU
		Release|x64 = Release|x64
		Release|x86 = Release|x86
	EndGlobalSection
	GlobalSection(ProjectConfigurationPlatforms) = postSolution
		{EC07BC06-08D8-4649-9857-2C3E58341C3F}.Debug|Any CPU.ActiveCfg = Debug|Any CPU
		{EC07BC06-08D8-4649-9857-2C3E58341C3F}.Debug|Any CPU.Build.0 = Debug|Any CPU
		{EC07BC06-08D8-4649-9857-2C3E58341C3F}.Debug|x64.ActiveCfg = Debug|Any CPU
		{EC07BC06-08D8-4649-9857-2C3E58341C3F}.Debug|x64.Build.0 = Debug|Any CPU
		{EC07BC06-08D8-4649-9857-2C3E58341C3F}.Debug|x86.ActiveCfg = Debug|Any CPU
		{EC07BC06-08D8-4649-9857-2C3E58341C3F}.Debug|x86.Build.0 = Debug|Any CPU
		{EC07BC06-08D8-4649-9857-2C3E58341C3F}.Release|Any CPU.ActiveCfg = Release|Any CPU
		{EC07BC06-08D8-4649-9857-2C3E58341C3F}.Release|Any CPU.Build.0 = Release|Any CPU
		{EC07BC06-08D8-4649-9857-2C3E58341C3F}.Release|x64.ActiveCfg = Release|Any CPU
		{EC07BC06-08D8-4649-9857-2C3E58341C3F}.Release|x64.Build.0 = Release|Any CPU
		{EC07BC06-08D8-4649-9857-2C3E58341C3F}.Release|x86.ActiveCfg = Release|Any CPU
		{EC07BC06-08D8-4649-9857-2C3E58341C3F}.Release|x86.Build.0 = Release|Any CPU
		{78C634CB-7D52-4632-A2E3-496BE4A95FC8}.Debug|Any CPU.ActiveCfg = Debug|Any CPU
		{78C634CB-7D52-4632-A2E3-496BE4A95FC8}.Debug|Any CPU.Build.0 = Debug|Any CPU
		{78C634CB-7D52-4632-A2E3-496BE4A95FC8}.Debug|x64.ActiveCfg = Debug|Any CPU
		{78C634CB-7D52-4632-A2E3-496BE4A95FC8}.Debug|x64.Build.0 = Debug|Any CPU
		{78C634CB-7D52-4632-A2E3-496BE4A95FC8}.Debug|x86.ActiveCfg = Debug|Any CPU
		{78C634CB-7D52-4632-A2E3-496BE4A95FC8}.Debug|x86.Build.0 = Debug|Any CPU
		{78C634CB-7D52-4632-A2E3-496BE4A95FC8}.Release|Any CPU.ActiveCfg = Release|Any CPU
		{78C634CB-7D52-4632-A2E3-496BE4A95FC8}.Release|Any CPU.Build.0 = Release|Any CPU
		{78C634CB-7D52-4632-A2E3-496BE4A95FC8}.Release|x64.ActiveCfg = Release|Any CPU
		{78C634CB-7D52-4632-A2E3-496BE4A95FC8}.Release|x64.Build.0 = Release|Any CPU
		{78C634CB-7D52-4632-A2E3-496BE4A95FC8}.Release|x86.ActiveCfg = Release|Any CPU
		{78C634CB-7D52-4632-A2E3-496BE4A95FC8}.Release|x86.Build.0 = Release|Any CPU
		{DBB9DBEC-3118-4EA0-A53C-8642843B45C8}.Debug|Any CPU.ActiveCfg = Debug|Any CPU
		{DBB9DBEC-3118-4EA0-A53C-8642843B45C8}.Debug|Any CPU.Build.0 = Debug|Any CPU
		{DBB9DBEC-3118-4EA0-A53C-8642843B45C8}.Debug|x64.ActiveCfg = Debug|Any CPU
		{DBB9DBEC-3118-4EA0-A53C-8642843B45C8}.Debug|x64.Build.0 = Debug|Any CPU
		{DBB9DBEC-3118-4EA0-A53C-8642843B45C8}.Debug|x86.ActiveCfg = Debug|Any CPU
		{DBB9DBEC-3118-4EA0-A53C-8642843B45C8}.Debug|x86.Build.0 = Debug|Any CPU
		{DBB9DBEC-3118-4EA0-A53C-8642843B45C8}.Release|Any CPU.ActiveCfg = Release|Any CPU
		{DBB9DBEC-3118-4EA0-A53C-8642843B45C8}.Release|Any CPU.Build.0 = Release|Any CPU
		{DBB9DBEC-3118-4EA0-A53C-8642843B45C8}.Release|x64.ActiveCfg = Release|Any CPU
		{DBB9DBEC-3118-4EA0-A53C-8642843B45C8}.Release|x64.Build.0 = Release|Any CPU
		{DBB9DBEC-3118-4EA0-A53C-8642843B45C8}.Release|x86.ActiveCfg = Release|Any CPU
		{DBB9DBEC-3118-4EA0-A53C-8642843B45C8}.Release|x86.Build.0 = Release|Any CPU
	EndGlobalSection
	GlobalSection(SolutionProperties) = preSolution
		HideSolutionNode = FALSE
	EndGlobalSection
	GlobalSection(ExtensibilityGlobals) = postSolution
		SolutionGuid = {D0107159-E88C-4884-9912-9B1BDE304A46}
	EndGlobalSection
EndGlobal
