
Microsoft Visual Studio Solution File, Format Version 12.00
# Visual Studio Version 16
VisualStudioVersion = 16.0.28803.156
MinimumVisualStudioVersion = 10.0.40219.1
Project("{9A19103F-16F7-4668-BE54-9A1E7A4F7556}") = "InventoryItems", "InventoryItems\InventoryItems.csproj", "{DE2B69FF-C554-443E-A7D3-EF910F62B455}"
EndProject
Global
	GlobalSection(SolutionConfigurationPlatforms) = preSolution
		Debug|Any CPU = Debug|Any CPU
		Release|Any CPU = Release|Any CPU
	EndGlobalSection
	GlobalSection(ProjectConfigurationPlatforms) = postSolution
		{DE2B69FF-C554-443E-A7D3-EF910F62B455}.Debug|Any CPU.ActiveCfg = Debug|Any CPU
		{DE2B69FF-C554-443E-A7D3-EF910F62B455}.Debug|Any CPU.Build.0 = Debug|Any CPU
		{DE2B69FF-C554-443E-A7D3-EF910F62B455}.Release|Any CPU.ActiveCfg = Release|Any CPU
		{DE2B69FF-C554-443E-A7D3-EF910F62B455}.Release|Any CPU.Build.0 = Release|Any CPU
	EndGlobalSection
	GlobalSection(SolutionProperties) = preSolution
		HideSolutionNode = FALSE
	EndGlobalSection
	GlobalSection(ExtensibilityGlobals) = postSolution
		SolutionGuid = {54CD9DD6-F149-438D-9C9C-5BC8BB923B03}
	EndGlobalSection
EndGlobal
